
Microsoft Visual Studio Solution File, Format Version 12.00
# Visual Studio Version 16
VisualStudioVersion = 16.0.31410.357
MinimumVisualStudioVersion = 10.0.40219.1
Project("{8BC9CEB8-8B4A-11D0-8D11-00A0C91BC942}") = "Destructors", "Destructors.vcxproj", "{4B3AEF9B-3B77-4F34-92E8-2E37439DA7F5}"
EndProject
Global
	GlobalSection(SolutionConfigurationPlatforms) = preSolution
		Debug|x64 = Debug|x64
		Debug|x86 = Debug|x86
		Release|x64 = Release|x64
		Release|x86 = Release|x86
	EndGlobalSection
	GlobalSection(ProjectConfigurationPlatforms) = postSolution
		{4B3AEF9B-3B77-4F34-92E8-2E37439DA7F5}.Debug|x64.ActiveCfg = Debug|x64
		{4B3AEF9B-3B77-4F34-92E8-2E37439DA7F5}.Debug|x64.Build.0 = Debug|x64
		{4B3AEF9B-3B77-4F34-92E8-2E37439DA7F5}.Debug|x86.ActiveCfg = Debug|Win32
		{4B3AEF9B-3B77-4F34-92E8-2E37439DA7F5}.Debug|x86.Build.0 = Debug|Win32
		{4B3AEF9B-3B77-4F34-92E8-2E37439DA7F5}.Release|x64.ActiveCfg = Release|x64
		{4B3AEF9B-3B77-4F34-92E8-2E37439DA7F5}.Release|x64.Build.0 = Release|x64
		{4B3AEF9B-3B77-4F34-92E8-2E37439DA7F5}.Release|x86.ActiveCfg = Release|Win32
		{4B3AEF9B-3B77-4F34-92E8-2E37439DA7F5}.Release|x86.Build.0 = Release|Win32
	EndGlobalSection
	GlobalSection(SolutionProperties) = preSolution
		HideSolutionNode = FALSE
	EndGlobalSection
	GlobalSection(ExtensibilityGlobals) = postSolution
		SolutionGuid = {E1BA843D-7D56-4203-A049-E9BB528FBDCE}
	EndGlobalSection
EndGlobal
