
Microsoft Visual Studio Solution File, Format Version 12.00
# Visual Studio Version 16
VisualStudioVersion = 16.0.31410.357
MinimumVisualStudioVersion = 10.0.40219.1
Project("{8BC9CEB8-8B4A-11D0-8D11-00A0C91BC942}") = "Section4Pt4", "Section4Pt4.vcxproj", "{E9971629-0345-49FD-8001-F388427B6C72}"
EndProject
Global
	GlobalSection(SolutionConfigurationPlatforms) = preSolution
		Debug|x64 = Debug|x64
		Debug|x86 = Debug|x86
		Release|x64 = Release|x64
		Release|x86 = Release|x86
	EndGlobalSection
	GlobalSection(ProjectConfigurationPlatforms) = postSolution
		{E9971629-0345-49FD-8001-F388427B6C72}.Debug|x64.ActiveCfg = Debug|x64
		{E9971629-0345-49FD-8001-F388427B6C72}.Debug|x64.Build.0 = Debug|x64
		{E9971629-0345-49FD-8001-F388427B6C72}.Debug|x86.ActiveCfg = Debug|Win32
		{E9971629-0345-49FD-8001-F388427B6C72}.Debug|x86.Build.0 = Debug|Win32
		{E9971629-0345-49FD-8001-F388427B6C72}.Release|x64.ActiveCfg = Release|x64
		{E9971629-0345-49FD-8001-F388427B6C72}.Release|x64.Build.0 = Release|x64
		{E9971629-0345-49FD-8001-F388427B6C72}.Release|x86.ActiveCfg = Release|Win32
		{E9971629-0345-49FD-8001-F388427B6C72}.Release|x86.Build.0 = Release|Win32
	EndGlobalSection
	GlobalSection(SolutionProperties) = preSolution
		HideSolutionNode = FALSE
	EndGlobalSection
	GlobalSection(ExtensibilityGlobals) = postSolution
		SolutionGuid = {E45138FD-DC6C-46AE-B6BC-CBBA16D821A0}
	EndGlobalSection
EndGlobal
